
Microsoft Visual Studio Solution File, Format Version 12.00
# Visual Studio 15
VisualStudioVersion = 15.0.27703.2042
MinimumVisualStudioVersion = 10.0.40219.1
Project("{2150E333-8FDC-42A3-9474-1A3956D46DE8}") = "src", "src", "{940D502C-E561-4BBE-9C3D-836C8BDA80E2}"
EndProject
Project("{2150E333-8FDC-42A3-9474-1A3956D46DE8}") = "BuildingBlocks", "BuildingBlocks", "{080C52A0-BE5D-4EC1-8F79-C89EF7E94443}"
EndProject
Project("{9A19103F-16F7-4668-BE54-9A1E7A4F7556}") = "EventBus", "src\BuildingBlocks\EventBus\EventBus\EventBus.csproj", "{6F2135DC-ECEF-49B2-B213-E1449B7C1193}"
EndProject
Project("{2150E333-8FDC-42A3-9474-1A3956D46DE8}") = "EventBus", "EventBus", "{502347B5-A3C5-4C5F-AD4A-BA8597A6166A}"
EndProject
Project("{9A19103F-16F7-4668-BE54-9A1E7A4F7556}") = "EventBusRabbitMQ", "src\BuildingBlocks\EventBus\EventBusRabbitMQ\EventBusRabbitMQ.csproj", "{165577D3-B533-4123-BB07-204DD4E0892B}"
EndProject
Project("{9A19103F-16F7-4668-BE54-9A1E7A4F7556}") = "EventBusServiceBus", "src\BuildingBlocks\EventBus\EventBusServiceBus\EventBusServiceBus.csproj", "{99D4D0C6-681B-4617-966F-8E383FBF5FE3}"
EndProject
Project("{9A19103F-16F7-4668-BE54-9A1E7A4F7556}") = "IntegrationEventLogEF", "src\BuildingBlocks\EventBus\IntegrationEventLogEF\IntegrationEventLogEF.csproj", "{BEA2A9AE-ACDF-4DB7-A130-F57A3733BEFD}"
EndProject
Project("{2150E333-8FDC-42A3-9474-1A3956D46DE8}") = "Services", "Services", "{2706782C-2AC2-491C-8DA0-7251C00389FD}"
EndProject
Project("{2150E333-8FDC-42A3-9474-1A3956D46DE8}") = "ExchangesAccess", "ExchangesAccess", "{6C6596F5-43EA-4887-8934-DDF7619FC384}"
EndProject
Project("{9A19103F-16F7-4668-BE54-9A1E7A4F7556}") = "ExchangesAccess.Domain", "src\Services\ExchangesAccess\ExchangesAccess.Domain\ExchangesAccess.Domain.csproj", "{0A369632-56DC-4B95-8DFB-458C9D42E36C}"
EndProject
Project("{9A19103F-16F7-4668-BE54-9A1E7A4F7556}") = "ExchangesAccess.API", "src\Services\ExchangesAccess\ExchangesAccess.API\ExchangesAccess.API.csproj", "{1C06BAE5-CD2B-4AD7-98CA-3412DAA513C0}"
EndProject
Project("{E53339B2-1760-4266-BCC7-CA923CBCF16C}") = "docker-compose", "docker-compose.dcproj", "{22852FDA-D717-49C8-9728-1CD5674C19F0}"
EndProject
Project("{2150E333-8FDC-42A3-9474-1A3956D46DE8}") = "Calculation", "Calculation", "{1699822C-3E7A-4046-B1FE-2E7AA9EF1FEC}"
EndProject
Project("{9A19103F-16F7-4668-BE54-9A1E7A4F7556}") = "Calculation.Domain", "src\Services\Calculation\Calculation.Domain\Calculation.Domain.csproj", "{167B86BB-E113-4386-8178-B975305AD28A}"
EndProject
Project("{9A19103F-16F7-4668-BE54-9A1E7A4F7556}") = "Calculation.API", "src\Services\Calculation\Calculation.API\Calculation.API.csproj", "{0492D647-2C6C-4069-9E17-8FD312D08634}"
EndProject
Project("{9A19103F-16F7-4668-BE54-9A1E7A4F7556}") = "Calculation.Infrastructure", "src\Services\Calculation\Calculation.Infrastructure\Calculation.Infrastructure.csproj", "{987A2731-9A66-43BB-BFAE-E0F4FC61123D}"
EndProject
Project("{2150E333-8FDC-42A3-9474-1A3956D46DE8}") = "Execution", "Execution", "{78C68CF1-1ADB-4E0E-912F-94C12A153A31}"
EndProject
Project("{9A19103F-16F7-4668-BE54-9A1E7A4F7556}") = "Execution.Domain", "src\Services\Execution\Execution.Domain\Execution.Domain.csproj", "{B34628EA-AC59-4613-A161-ED45B6C9A8D8}"
EndProject
Project("{9A19103F-16F7-4668-BE54-9A1E7A4F7556}") = "Execution.Infrastructure", "src\Services\Execution\Execution.Infrastructure\Execution.Infrastructure.csproj", "{907A2EA6-7F24-4D0C-B932-6CC837E88F86}"
EndProject
Project("{2150E333-8FDC-42A3-9474-1A3956D46DE8}") = "WebHost", "WebHost", "{4B0FEE7B-C20B-4381-8B94-08511B518A5E}"
EndProject
Project("{9A19103F-16F7-4668-BE54-9A1E7A4F7556}") = "WebHost.Customization", "src\BuildingBlocks\WebHost\WebHost.Customization\WebHost.Customization.csproj", "{7F9CE267-87DC-4DC7-AE61-423788782710}"
EndProject
Project("{2150E333-8FDC-42A3-9474-1A3956D46DE8}") = "Test", "Test", "{352A2A33-5371-455A-B398-4CF69402A4D8}"
EndProject
Project("{9A19103F-16F7-4668-BE54-9A1E7A4F7556}") = "TestAPI", "TestAPI\TestAPI.csproj", "{E7644D5F-9693-4BAF-9CD9-5A776B2288B3}"
EndProject
Project("{9A19103F-16F7-4668-BE54-9A1E7A4F7556}") = "Execution.API", "src\Services\Execution\Execution.API\Execution.API.csproj", "{03CA2C60-DC9C-4857-B0BE-54BCE8B61B93}"
EndProject
Project("{2150E333-8FDC-42A3-9474-1A3956D46DE8}") = "Web Apps", "Web Apps", "{F12A9DB4-D0BA-4AE1-BEC6-6354AB66A365}"
EndProject
Project("{FAE04EC0-301F-11D3-BF4B-00C04F79EFBC}") = "WebMVC", "src\Web Apps\WebMVC\WebMVC.csproj", "{131F7AA1-42BA-45CA-A36D-5550E2CE2BF7}"
EndProject
Global
	GlobalSection(SolutionConfigurationPlatforms) = preSolution
		Debug|Any CPU = Debug|Any CPU
		Release|Any CPU = Release|Any CPU
	EndGlobalSection
	GlobalSection(ProjectConfigurationPlatforms) = postSolution
		{6F2135DC-ECEF-49B2-B213-E1449B7C1193}.Debug|Any CPU.ActiveCfg = Debug|Any CPU
		{6F2135DC-ECEF-49B2-B213-E1449B7C1193}.Debug|Any CPU.Build.0 = Debug|Any CPU
		{6F2135DC-ECEF-49B2-B213-E1449B7C1193}.Release|Any CPU.ActiveCfg = Release|Any CPU
		{6F2135DC-ECEF-49B2-B213-E1449B7C1193}.Release|Any CPU.Build.0 = Release|Any CPU
		{165577D3-B533-4123-BB07-204DD4E0892B}.Debug|Any CPU.ActiveCfg = Debug|Any CPU
		{165577D3-B533-4123-BB07-204DD4E0892B}.Debug|Any CPU.Build.0 = Debug|Any CPU
		{165577D3-B533-4123-BB07-204DD4E0892B}.Release|Any CPU.ActiveCfg = Release|Any CPU
		{165577D3-B533-4123-BB07-204DD4E0892B}.Release|Any CPU.Build.0 = Release|Any CPU
		{99D4D0C6-681B-4617-966F-8E383FBF5FE3}.Debug|Any CPU.ActiveCfg = Debug|Any CPU
		{99D4D0C6-681B-4617-966F-8E383FBF5FE3}.Debug|Any CPU.Build.0 = Debug|Any CPU
		{99D4D0C6-681B-4617-966F-8E383FBF5FE3}.Release|Any CPU.ActiveCfg = Release|Any CPU
		{99D4D0C6-681B-4617-966F-8E383FBF5FE3}.Release|Any CPU.Build.0 = Release|Any CPU
		{BEA2A9AE-ACDF-4DB7-A130-F57A3733BEFD}.Debug|Any CPU.ActiveCfg = Debug|Any CPU
		{BEA2A9AE-ACDF-4DB7-A130-F57A3733BEFD}.Debug|Any CPU.Build.0 = Debug|Any CPU
		{BEA2A9AE-ACDF-4DB7-A130-F57A3733BEFD}.Release|Any CPU.ActiveCfg = Release|Any CPU
		{BEA2A9AE-ACDF-4DB7-A130-F57A3733BEFD}.Release|Any CPU.Build.0 = Release|Any CPU
		{0A369632-56DC-4B95-8DFB-458C9D42E36C}.Debug|Any CPU.ActiveCfg = Debug|Any CPU
		{0A369632-56DC-4B95-8DFB-458C9D42E36C}.Debug|Any CPU.Build.0 = Debug|Any CPU
		{0A369632-56DC-4B95-8DFB-458C9D42E36C}.Release|Any CPU.ActiveCfg = Release|Any CPU
		{0A369632-56DC-4B95-8DFB-458C9D42E36C}.Release|Any CPU.Build.0 = Release|Any CPU
		{1C06BAE5-CD2B-4AD7-98CA-3412DAA513C0}.Debug|Any CPU.ActiveCfg = Debug|Any CPU
		{1C06BAE5-CD2B-4AD7-98CA-3412DAA513C0}.Debug|Any CPU.Build.0 = Debug|Any CPU
		{1C06BAE5-CD2B-4AD7-98CA-3412DAA513C0}.Release|Any CPU.ActiveCfg = Release|Any CPU
		{1C06BAE5-CD2B-4AD7-98CA-3412DAA513C0}.Release|Any CPU.Build.0 = Release|Any CPU
		{22852FDA-D717-49C8-9728-1CD5674C19F0}.Debug|Any CPU.ActiveCfg = Debug|Any CPU
		{22852FDA-D717-49C8-9728-1CD5674C19F0}.Debug|Any CPU.Build.0 = Debug|Any CPU
		{22852FDA-D717-49C8-9728-1CD5674C19F0}.Release|Any CPU.ActiveCfg = Release|Any CPU
		{22852FDA-D717-49C8-9728-1CD5674C19F0}.Release|Any CPU.Build.0 = Release|Any CPU
		{167B86BB-E113-4386-8178-B975305AD28A}.Debug|Any CPU.ActiveCfg = Debug|Any CPU
		{167B86BB-E113-4386-8178-B975305AD28A}.Debug|Any CPU.Build.0 = Debug|Any CPU
		{167B86BB-E113-4386-8178-B975305AD28A}.Release|Any CPU.ActiveCfg = Release|Any CPU
		{167B86BB-E113-4386-8178-B975305AD28A}.Release|Any CPU.Build.0 = Release|Any CPU
		{0492D647-2C6C-4069-9E17-8FD312D08634}.Debug|Any CPU.ActiveCfg = Debug|Any CPU
		{0492D647-2C6C-4069-9E17-8FD312D08634}.Debug|Any CPU.Build.0 = Debug|Any CPU
		{0492D647-2C6C-4069-9E17-8FD312D08634}.Release|Any CPU.ActiveCfg = Release|Any CPU
		{0492D647-2C6C-4069-9E17-8FD312D08634}.Release|Any CPU.Build.0 = Release|Any CPU
		{987A2731-9A66-43BB-BFAE-E0F4FC61123D}.Debug|Any CPU.ActiveCfg = Debug|Any CPU
		{987A2731-9A66-43BB-BFAE-E0F4FC61123D}.Debug|Any CPU.Build.0 = Debug|Any CPU
		{987A2731-9A66-43BB-BFAE-E0F4FC61123D}.Release|Any CPU.ActiveCfg = Release|Any CPU
		{987A2731-9A66-43BB-BFAE-E0F4FC61123D}.Release|Any CPU.Build.0 = Release|Any CPU
		{B34628EA-AC59-4613-A161-ED45B6C9A8D8}.Debug|Any CPU.ActiveCfg = Debug|Any CPU
		{B34628EA-AC59-4613-A161-ED45B6C9A8D8}.Debug|Any CPU.Build.0 = Debug|Any CPU
		{B34628EA-AC59-4613-A161-ED45B6C9A8D8}.Release|Any CPU.ActiveCfg = Release|Any CPU
		{B34628EA-AC59-4613-A161-ED45B6C9A8D8}.Release|Any CPU.Build.0 = Release|Any CPU
		{907A2EA6-7F24-4D0C-B932-6CC837E88F86}.Debug|Any CPU.ActiveCfg = Debug|Any CPU
		{907A2EA6-7F24-4D0C-B932-6CC837E88F86}.Debug|Any CPU.Build.0 = Debug|Any CPU
		{907A2EA6-7F24-4D0C-B932-6CC837E88F86}.Release|Any CPU.ActiveCfg = Release|Any CPU
		{907A2EA6-7F24-4D0C-B932-6CC837E88F86}.Release|Any CPU.Build.0 = Release|Any CPU
		{7F9CE267-87DC-4DC7-AE61-423788782710}.Debug|Any CPU.ActiveCfg = Debug|Any CPU
		{7F9CE267-87DC-4DC7-AE61-423788782710}.Debug|Any CPU.Build.0 = Debug|Any CPU
		{7F9CE267-87DC-4DC7-AE61-423788782710}.Release|Any CPU.ActiveCfg = Release|Any CPU
		{7F9CE267-87DC-4DC7-AE61-423788782710}.Release|Any CPU.Build.0 = Release|Any CPU
		{E7644D5F-9693-4BAF-9CD9-5A776B2288B3}.Debug|Any CPU.ActiveCfg = Debug|Any CPU
		{E7644D5F-9693-4BAF-9CD9-5A776B2288B3}.Debug|Any CPU.Build.0 = Debug|Any CPU
		{E7644D5F-9693-4BAF-9CD9-5A776B2288B3}.Release|Any CPU.ActiveCfg = Release|Any CPU
		{E7644D5F-9693-4BAF-9CD9-5A776B2288B3}.Release|Any CPU.Build.0 = Release|Any CPU
		{03CA2C60-DC9C-4857-B0BE-54BCE8B61B93}.Debug|Any CPU.ActiveCfg = Debug|Any CPU
		{03CA2C60-DC9C-4857-B0BE-54BCE8B61B93}.Debug|Any CPU.Build.0 = Debug|Any CPU
		{03CA2C60-DC9C-4857-B0BE-54BCE8B61B93}.Release|Any CPU.ActiveCfg = Release|Any CPU
		{03CA2C60-DC9C-4857-B0BE-54BCE8B61B93}.Release|Any CPU.Build.0 = Release|Any CPU
		{131F7AA1-42BA-45CA-A36D-5550E2CE2BF7}.Debug|Any CPU.ActiveCfg = Debug|Any CPU
		{131F7AA1-42BA-45CA-A36D-5550E2CE2BF7}.Debug|Any CPU.Build.0 = Debug|Any CPU
		{131F7AA1-42BA-45CA-A36D-5550E2CE2BF7}.Release|Any CPU.ActiveCfg = Release|Any CPU
		{131F7AA1-42BA-45CA-A36D-5550E2CE2BF7}.Release|Any CPU.Build.0 = Release|Any CPU
	EndGlobalSection
	GlobalSection(SolutionProperties) = preSolution
		HideSolutionNode = FALSE
	EndGlobalSection
	GlobalSection(NestedProjects) = preSolution
		{080C52A0-BE5D-4EC1-8F79-C89EF7E94443} = {940D502C-E561-4BBE-9C3D-836C8BDA80E2}
		{6F2135DC-ECEF-49B2-B213-E1449B7C1193} = {502347B5-A3C5-4C5F-AD4A-BA8597A6166A}
		{502347B5-A3C5-4C5F-AD4A-BA8597A6166A} = {080C52A0-BE5D-4EC1-8F79-C89EF7E94443}
		{165577D3-B533-4123-BB07-204DD4E0892B} = {502347B5-A3C5-4C5F-AD4A-BA8597A6166A}
		{99D4D0C6-681B-4617-966F-8E383FBF5FE3} = {502347B5-A3C5-4C5F-AD4A-BA8597A6166A}
		{BEA2A9AE-ACDF-4DB7-A130-F57A3733BEFD} = {502347B5-A3C5-4C5F-AD4A-BA8597A6166A}
		{2706782C-2AC2-491C-8DA0-7251C00389FD} = {940D502C-E561-4BBE-9C3D-836C8BDA80E2}
		{6C6596F5-43EA-4887-8934-DDF7619FC384} = {2706782C-2AC2-491C-8DA0-7251C00389FD}
		{0A369632-56DC-4B95-8DFB-458C9D42E36C} = {6C6596F5-43EA-4887-8934-DDF7619FC384}
		{1C06BAE5-CD2B-4AD7-98CA-3412DAA513C0} = {6C6596F5-43EA-4887-8934-DDF7619FC384}
		{1699822C-3E7A-4046-B1FE-2E7AA9EF1FEC} = {2706782C-2AC2-491C-8DA0-7251C00389FD}
		{167B86BB-E113-4386-8178-B975305AD28A} = {1699822C-3E7A-4046-B1FE-2E7AA9EF1FEC}
		{0492D647-2C6C-4069-9E17-8FD312D08634} = {1699822C-3E7A-4046-B1FE-2E7AA9EF1FEC}
		{987A2731-9A66-43BB-BFAE-E0F4FC61123D} = {1699822C-3E7A-4046-B1FE-2E7AA9EF1FEC}
		{78C68CF1-1ADB-4E0E-912F-94C12A153A31} = {2706782C-2AC2-491C-8DA0-7251C00389FD}
		{B34628EA-AC59-4613-A161-ED45B6C9A8D8} = {78C68CF1-1ADB-4E0E-912F-94C12A153A31}
		{907A2EA6-7F24-4D0C-B932-6CC837E88F86} = {78C68CF1-1ADB-4E0E-912F-94C12A153A31}
		{4B0FEE7B-C20B-4381-8B94-08511B518A5E} = {080C52A0-BE5D-4EC1-8F79-C89EF7E94443}
		{7F9CE267-87DC-4DC7-AE61-423788782710} = {4B0FEE7B-C20B-4381-8B94-08511B518A5E}
		{352A2A33-5371-455A-B398-4CF69402A4D8} = {2706782C-2AC2-491C-8DA0-7251C00389FD}
		{E7644D5F-9693-4BAF-9CD9-5A776B2288B3} = {352A2A33-5371-455A-B398-4CF69402A4D8}
		{03CA2C60-DC9C-4857-B0BE-54BCE8B61B93} = {78C68CF1-1ADB-4E0E-912F-94C12A153A31}
		{F12A9DB4-D0BA-4AE1-BEC6-6354AB66A365} = {940D502C-E561-4BBE-9C3D-836C8BDA80E2}
		{131F7AA1-42BA-45CA-A36D-5550E2CE2BF7} = {F12A9DB4-D0BA-4AE1-BEC6-6354AB66A365}
	EndGlobalSection
	GlobalSection(ExtensibilityGlobals) = postSolution
		SolutionGuid = {BE61F139-BA29-4C70-9F76-849329868D43}
	EndGlobalSection
EndGlobal
